// !$*UTF8*$!
{
	archiveVersion = 1;
	classes = {
	};
	objectVersion = 55;
	objects = {

/* Begin PBXBuildFile section */
		2C92A7F028B578E1005B4A65 /* AppDelegate.swift in Sources */ = {isa = PBXBuildFile; fileRef = 2C92A7EF28B578E1005B4A65 /* AppDelegate.swift */; };
		2C92A7F228B578E1005B4A65 /* SceneDelegate.swift in Sources */ = {isa = PBXBuildFile; fileRef = 2C92A7F128B578E1005B4A65 /* SceneDelegate.swift */; };
		2C92A7F428B578E1005B4A65 /* ViewController.swift in Sources */ = {isa = PBXBuildFile; fileRef = 2C92A7F328B578E1005B4A65 /* ViewController.swift */; };
		2C92A7F728B578E1005B4A65 /* Main.storyboard in Resources */ = {isa = PBXBuildFile; fileRef = 2C92A7F528B578E1005B4A65 /* Main.storyboard */; };
		2C92A7F928B578E3005B4A65 /* Assets.xcassets in Resources */ = {isa = PBXBuildFile; fileRef = 2C92A7F828B578E3005B4A65 /* Assets.xcassets */; };
		2C92A7FC28B578E3005B4A65 /* LaunchScreen.storyboard in Resources */ = {isa = PBXBuildFile; fileRef = 2C92A7FA28B578E3005B4A65 /* LaunchScreen.storyboard */; };
		2C92A80728B578E3005B4A65 /* tipCalculatorTests.swift in Sources */ = {isa = PBXBuildFile; fileRef = 2C92A80628B578E3005B4A65 /* tipCalculatorTests.swift */; };
		2C92A81128B578E3005B4A65 /* tipCalculatorUITests.swift in Sources */ = {isa = PBXBuildFile; fileRef = 2C92A81028B578E3005B4A65 /* tipCalculatorUITests.swift */; };
		2C92A81328B578E3005B4A65 /* tipCalculatorUITestsLaunchTests.swift in Sources */ = {isa = PBXBuildFile; fileRef = 2C92A81228B578E3005B4A65 /* tipCalculatorUITestsLaunchTests.swift */; };
/* End PBXBuildFile section */

/* Begin PBXContainerItemProxy section */
		2C92A80328B578E3005B4A65 /* PBXContainerItemProxy */ = {
			isa = PBXContainerItemProxy;
			containerPortal = 2C92A7E428B578E1005B4A65 /* Project object */;
			proxyType = 1;
			remoteGlobalIDString = 2C92A7EB28B578E1005B4A65;
			remoteInfo = tipCalculator;
		};
		2C92A80D28B578E3005B4A65 /* PBXContainerItemProxy */ = {
			isa = PBXContainerItemProxy;
			containerPortal = 2C92A7E428B578E1005B4A65 /* Project object */;
			proxyType = 1;
			remoteGlobalIDString = 2C92A7EB28B578E1005B4A65;
			remoteInfo = tipCalculator;
		};
/* End PBXContainerItemProxy section */

/* Begin PBXFileReference section */
		2C92A7EC28B578E1005B4A65 /* tipCalculator.app */ = {isa = PBXFileReference; explicitFileType = wrapper.application; includeInIndex = 0; path = tipCalculator.app; sourceTree = BUILT_PRODUCTS_DIR; };
		2C92A7EF28B578E1005B4A65 /* AppDelegate.swift */ = {isa = PBXFileReference; lastKnownFileType = sourcecode.swift; path = AppDelegate.swift; sourceTree = "<group>"; };
		2C92A7F128B578E1005B4A65 /* SceneDelegate.swift */ = {isa = PBXFileReference; lastKnownFileType = sourcecode.swift; path = SceneDelegate.swift; sourceTree = "<group>"; };
		2C92A7F328B578E1005B4A65 /* ViewController.swift */ = {isa = PBXFileReference; lastKnownFileType = sourcecode.swift; path = ViewController.swift; sourceTree = "<group>"; };
		2C92A7F628B578E1005B4A65 /* Base */ = {isa = PBXFileReference; lastKnownFileType = file.storyboard; name = Base; path = Base.lproj/Main.storyboard; sourceTree = "<group>"; };
		2C92A7F828B578E3005B4A65 /* Assets.xcassets */ = {isa = PBXFileReference; lastKnownFileType = folder.assetcatalog; path = Assets.xcassets; sourceTree = "<group>"; };
		2C92A7FB28B578E3005B4A65 /* Base */ = {isa = PBXFileReference; lastKnownFileType = file.storyboard; name = Base; path = Base.lproj/LaunchScreen.storyboard; sourceTree = "<group>"; };
		2C92A7FD28B578E3005B4A65 /* Info.plist */ = {isa = PBXFileReference; lastKnownFileType = text.plist.xml; path = Info.plist; sourceTree = "<group>"; };
		2C92A80228B578E3005B4A65 /* tipCalculatorTests.xctest */ = {isa = PBXFileReference; explicitFileType = wrapper.cfbundle; includeInIndex = 0; path = tipCalculatorTests.xctest; sourceTree = BUILT_PRODUCTS_DIR; };
		2C92A80628B578E3005B4A65 /* tipCalculatorTests.swift */ = {isa = PBXFileReference; lastKnownFileType = sourcecode.swift; path = tipCalculatorTests.swift; sourceTree = "<group>"; };
		2C92A80C28B578E3005B4A65 /* tipCalculatorUITests.xctest */ = {isa = PBXFileReference; explicitFileType = wrapper.cfbundle; includeInIndex = 0; path = tipCalculatorUITests.xctest; sourceTree = BUILT_PRODUCTS_DIR; };
		2C92A81028B578E3005B4A65 /* tipCalculatorUITests.swift */ = {isa = PBXFileReference; lastKnownFileType = sourcecode.swift; path = tipCalculatorUITests.swift; sourceTree = "<group>"; };
		2C92A81228B578E3005B4A65 /* tipCalculatorUITestsLaunchTests.swift */ = {isa = PBXFileReference; lastKnownFileType = sourcecode.swift; path = tipCalculatorUITestsLaunchTests.swift; sourceTree = "<group>"; };
/* End PBXFileReference section */

/* Begin PBXFrameworksBuildPhase section */
		2C92A7E928B578E1005B4A65 /* Frameworks */ = {
			isa = PBXFrameworksBuildPhase;
			buildActionMask = 2147483647;
			files = (
			);
			runOnlyForDeploymentPostprocessing = 0;
		};
		2C92A7FF28B578E3005B4A65 /* Frameworks */ = {
			isa = PBXFrameworksBuildPhase;
			buildActionMask = 2147483647;
			files = (
			);
			runOnlyForDeploymentPostprocessing = 0;
		};
		2C92A80928B578E3005B4A65 /* Frameworks */ = {
			isa = PBXFrameworksBuildPhase;
			buildActionMask = 2147483647;
			files = (
			);
			runOnlyForDeploymentPostprocessing = 0;
		};
/* End PBXFrameworksBuildPhase section */

/* Begin PBXGroup section */
		2C92A7E328B578E1005B4A65 = {
			isa = PBXGroup;
			children = (
				2C92A7EE28B578E1005B4A65 /* tipCalculator */,
				2C92A80528B578E3005B4A65 /* tipCalculatorTests */,
				2C92A80F28B578E3005B4A65 /* tipCalculatorUITests */,
				2C92A7ED28B578E1005B4A65 /* Products */,
			);
			sourceTree = "<group>";
		};
		2C92A7ED28B578E1005B4A65 /* Products */ = {
			isa = PBXGroup;
			children = (
				2C92A7EC28B578E1005B4A65 /* tipCalculator.app */,
				2C92A80228B578E3005B4A65 /* tipCalculatorTests.xctest */,
				2C92A80C28B578E3005B4A65 /* tipCalculatorUITests.xctest */,
			);
			name = Products;
			sourceTree = "<group>";
		};
		2C92A7EE28B578E1005B4A65 /* tipCalculator */ = {
			isa = PBXGroup;
			children = (
				2C92A7EF28B578E1005B4A65 /* AppDelegate.swift */,
				2C92A7F128B578E1005B4A65 /* SceneDelegate.swift */,
				2C92A7F328B578E1005B4A65 /* ViewController.swift */,
				2C92A7F528B578E1005B4A65 /* Main.storyboard */,
				2C92A7F828B578E3005B4A65 /* Assets.xcassets */,
				2C92A7FA28B578E3005B4A65 /* LaunchScreen.storyboard */,
				2C92A7FD28B578E3005B4A65 /* Info.plist */,
			);
			path = tipCalculator;
			sourceTree = "<group>";
		};
		2C92A80528B578E3005B4A65 /* tipCalculatorTests */ = {
			isa = PBXGroup;
			children = (
				2C92A80628B578E3005B4A65 /* tipCalculatorTests.swift */,
			);
			path = tipCalculatorTests;
			sourceTree = "<group>";
		};
		2C92A80F28B578E3005B4A65 /* tipCalculatorUITests */ = {
			isa = PBXGroup;
			children = (
				2C92A81028B578E3005B4A65 /* tipCalculatorUITests.swift */,
				2C92A81228B578E3005B4A65 /* tipCalculatorUITestsLaunchTests.swift */,
			);
			path = tipCalculatorUITests;
			sourceTree = "<group>";
		};
/* End PBXGroup section */

/* Begin PBXNativeTarget section */
		2C92A7EB28B578E1005B4A65 /* tipCalculator */ = {
			isa = PBXNativeTarget;
			buildConfigurationList = 2C92A81628B578E3005B4A65 /* Build configuration list for PBXNativeTarget "tipCalculator" */;
			buildPhases = (
				2C92A7E828B578E1005B4A65 /* Sources */,
				2C92A7E928B578E1005B4A65 /* Frameworks */,
				2C92A7EA28B578E1005B4A65 /* Resources */,
			);
			buildRules = (
			);
			dependencies = (
			);
			name = tipCalculator;
			productName = tipCalculator;
			productReference = 2C92A7EC28B578E1005B4A65 /* tipCalculator.app */;
			productType = "com.apple.product-type.application";
		};
		2C92A80128B578E3005B4A65 /* tipCalculatorTests */ = {
			isa = PBXNativeTarget;
			buildConfigurationList = 2C92A81928B578E3005B4A65 /* Build configuration list for PBXNativeTarget "tipCalculatorTests" */;
			buildPhases = (
				2C92A7FE28B578E3005B4A65 /* Sources */,
				2C92A7FF28B578E3005B4A65 /* Frameworks */,
				2C92A80028B578E3005B4A65 /* Resources */,
			);
			buildRules = (
			);
			dependencies = (
				2C92A80428B578E3005B4A65 /* PBXTargetDependency */,
			);
			name = tipCalculatorTests;
			productName = tipCalculatorTests;
			productReference = 2C92A80228B578E3005B4A65 /* tipCalculatorTests.xctest */;
			productType = "com.apple.product-type.bundle.unit-test";
		};
		2C92A80B28B578E3005B4A65 /* tipCalculatorUITests */ = {
			isa = PBXNativeTarget;
			buildConfigurationList = 2C92A81C28B578E3005B4A65 /* Build configuration list for PBXNativeTarget "tipCalculatorUITests" */;
			buildPhases = (
				2C92A80828B578E3005B4A65 /* Sources */,
				2C92A80928B578E3005B4A65 /* Frameworks */,
				2C92A80A28B578E3005B4A65 /* Resources */,
			);
			buildRules = (
			);
			dependencies = (
				2C92A80E28B578E3005B4A65 /* PBXTargetDependency */,
			);
			name = tipCalculatorUITests;
			productName = tipCalculatorUITests;
			productReference = 2C92A80C28B578E3005B4A65 /* tipCalculatorUITests.xctest */;
			productType = "com.apple.product-type.bundle.ui-testing";
		};
/* End PBXNativeTarget section */

/* Begin PBXProject section */
		2C92A7E428B578E1005B4A65 /* Project object */ = {
			isa = PBXProject;
			attributes = {
				BuildIndependentTargetsInParallel = 1;
				LastSwiftUpdateCheck = 1340;
				LastUpgradeCheck = 1340;
				TargetAttributes = {
					2C92A7EB28B578E1005B4A65 = {
						CreatedOnToolsVersion = 13.4.1;
					};
					2C92A80128B578E3005B4A65 = {
						CreatedOnToolsVersion = 13.4.1;
						TestTargetID = 2C92A7EB28B578E1005B4A65;
					};
					2C92A80B28B578E3005B4A65 = {
						CreatedOnToolsVersion = 13.4.1;
						TestTargetID = 2C92A7EB28B578E1005B4A65;
					};
				};
			};
			buildConfigurationList = 2C92A7E728B578E1005B4A65 /* Build configuration list for PBXProject "tipCalculator" */;
			compatibilityVersion = "Xcode 13.0";
			developmentRegion = en;
			hasScannedForEncodings = 0;
			knownRegions = (
				en,
				Base,
			);
			mainGroup = 2C92A7E328B578E1005B4A65;
			productRefGroup = 2C92A7ED28B578E1005B4A65 /* Products */;
			projectDirPath = "";
			projectRoot = "";
			targets = (
				2C92A7EB28B578E1005B4A65 /* tipCalculator */,
				2C92A80128B578E3005B4A65 /* tipCalculatorTests */,
				2C92A80B28B578E3005B4A65 /* tipCalculatorUITests */,
			);
		};
/* End PBXProject section */

/* Begin PBXResourcesBuildPhase section */
		2C92A7EA28B578E1005B4A65 /* Resources */ = {
			isa = PBXResourcesBuildPhase;
			buildActionMask = 2147483647;
			files = (
				2C92A7FC28B578E3005B4A65 /* LaunchScreen.storyboard in Resources */,
				2C92A7F928B578E3005B4A65 /* Assets.xcassets in Resources */,
				2C92A7F728B578E1005B4A65 /* Main.storyboard in Resources */,
			);
			runOnlyForDeploymentPostprocessing = 0;
		};
		2C92A80028B578E3005B4A65 /* Resources */ = {
			isa = PBXResourcesBuildPhase;
			buildActionMask = 2147483647;
			files = (
			);
			runOnlyForDeploymentPostprocessing = 0;
		};
		2C92A80A28B578E3005B4A65 /* Resources */ = {
			isa = PBXResourcesBuildPhase;
			buildActionMask = 2147483647;
			files = (
			);
			runOnlyForDeploymentPostprocessing = 0;
		};
/* End PBXResourcesBuildPhase section */

/* Begin PBXSourcesBuildPhase section */
		2C92A7E828B578E1005B4A65 /* Sources */ = {
			isa = PBXSourcesBuildPhase;
			buildActionMask = 2147483647;
			files = (
				2C92A7F428B578E1005B4A65 /* ViewController.swift in Sources */,
				2C92A7F028B578E1005B4A65 /* AppDelegate.swift in Sources */,
				2C92A7F228B578E1005B4A65 /* SceneDelegate.swift in Sources */,
			);
			runOnlyForDeploymentPostprocessing = 0;
		};
		2C92A7FE28B578E3005B4A65 /* Sources */ = {
			isa = PBXSourcesBuildPhase;
			buildActionMask = 2147483647;
			files = (
				2C92A80728B578E3005B4A65 /* tipCalculatorTests.swift in Sources */,
			);
			runOnlyForDeploymentPostprocessing = 0;
		};
		2C92A80828B578E3005B4A65 /* Sources */ = {
			isa = PBXSourcesBuildPhase;
			buildActionMask = 2147483647;
			files = (
				2C92A81328B578E3005B4A65 /* tipCalculatorUITestsLaunchTests.swift in Sources */,
				2C92A81128B578E3005B4A65 /* tipCalculatorUITests.swift in Sources */,
			);
			runOnlyForDeploymentPostprocessing = 0;
		};
/* End PBXSourcesBuildPhase section */

/* Begin PBXTargetDependency section */
		2C92A80428B578E3005B4A65 /* PBXTargetDependency */ = {
			isa = PBXTargetDependency;
			target = 2C92A7EB28B578E1005B4A65 /* tipCalculator */;
			targetProxy = 2C92A80328B578E3005B4A65 /* PBXContainerItemProxy */;
		};
		2C92A80E28B578E3005B4A65 /* PBXTargetDependency */ = {
			isa = PBXTargetDependency;
			target = 2C92A7EB28B578E1005B4A65 /* tipCalculator */;
			targetProxy = 2C92A80D28B578E3005B4A65 /* PBXContainerItemProxy */;
		};
/* End PBXTargetDependency section */

/* Begin PBXVariantGroup section */
		2C92A7F528B578E1005B4A65 /* Main.storyboard */ = {
			isa = PBXVariantGroup;
			children = (
				2C92A7F628B578E1005B4A65 /* Base */,
			);
			name = Main.storyboard;
			sourceTree = "<group>";
		};
		2C92A7FA28B578E3005B4A65 /* LaunchScreen.storyboard */ = {
			isa = PBXVariantGroup;
			children = (
				2C92A7FB28B578E3005B4A65 /* Base */,
			);
			name = LaunchScreen.storyboard;
			sourceTree = "<group>";
		};
/* End PBXVariantGroup section */

/* Begin XCBuildConfiguration section */
		2C92A81428B578E3005B4A65 /* Debug */ = {
			isa = XCBuildConfiguration;
			buildSettings = {
				ALWAYS_SEARCH_USER_PATHS = NO;
				CLANG_ANALYZER_NONNULL = YES;
				CLANG_ANALYZER_NUMBER_OBJECT_CONVERSION = YES_AGGRESSIVE;
				CLANG_CXX_LANGUAGE_STANDARD = "gnu++17";
				CLANG_ENABLE_MODULES = YES;
				CLANG_ENABLE_OBJC_ARC = YES;
				CLANG_ENABLE_OBJC_WEAK = YES;
				CLANG_WARN_BLOCK_CAPTURE_AUTORELEASING = YES;
				CLANG_WARN_BOOL_CONVERSION = YES;
				CLANG_WARN_COMMA = YES;
				CLANG_WARN_CONSTANT_CONVERSION = YES;
				CLANG_WARN_DEPRECATED_OBJC_IMPLEMENTATIONS = YES;
				CLANG_WARN_DIRECT_OBJC_ISA_USAGE = YES_ERROR;
				CLANG_WARN_DOCUMENTATION_COMMENTS = YES;
				CLANG_WARN_EMPTY_BODY = YES;
				CLANG_WARN_ENUM_CONVERSION = YES;
				CLANG_WARN_INFINITE_RECURSION = YES;
				CLANG_WARN_INT_CONVERSION = YES;
				CLANG_WARN_NON_LITERAL_NULL_CONVERSION = YES;
				CLANG_WARN_OBJC_IMPLICIT_RETAIN_SELF = YES;
				CLANG_WARN_OBJC_LITERAL_CONVERSION = YES;
				CLANG_WARN_OBJC_ROOT_CLASS = YES_ERROR;
				CLANG_WARN_QUOTED_INCLUDE_IN_FRAMEWORK_HEADER = YES;
				CLANG_WARN_RANGE_LOOP_ANALYSIS = YES;
				CLANG_WARN_STRICT_PROTOTYPES = YES;
				CLANG_WARN_SUSPICIOUS_MOVE = YES;
				CLANG_WARN_UNGUARDED_AVAILABILITY = YES_AGGRESSIVE;
				CLANG_WARN_UNREACHABLE_CODE = YES;
				CLANG_WARN__DUPLICATE_METHOD_MATCH = YES;
				COPY_PHASE_STRIP = NO;
				DEBUG_INFORMATION_FORMAT = dwarf;
				ENABLE_STRICT_OBJC_MSGSEND = YES;
				ENABLE_TESTABILITY = YES;
				GCC_C_LANGUAGE_STANDARD = gnu11;
				GCC_DYNAMIC_NO_PIC = NO;
				GCC_NO_COMMON_BLOCKS = YES;
				GCC_OPTIMIZATION_LEVEL = 0;
				GCC_PREPROCESSOR_DEFINITIONS = (
					"DEBUG=1",
					"$(inherited)",
				);
				GCC_WARN_64_TO_32_BIT_CONVERSION = YES;
				GCC_WARN_ABOUT_RETURN_TYPE = YES_ERROR;
				GCC_WARN_UNDECLARED_SELECTOR = YES;
				GCC_WARN_UNINITIALIZED_AUTOS = YES_AGGRESSIVE;
				GCC_WARN_UNUSED_FUNCTION = YES;
				GCC_WARN_UNUSED_VARIABLE = YES;
				IPHONEOS_DEPLOYMENT_TARGET = 15.5;
				MTL_ENABLE_DEBUG_INFO = INCLUDE_SOURCE;
				MTL_FAST_MATH = YES;
				ONLY_ACTIVE_ARCH = YES;
				SDKROOT = iphoneos;
				SWIFT_ACTIVE_COMPILATION_CONDITIONS = DEBUG;
				SWIFT_OPTIMIZATION_LEVEL = "-Onone";
			};
			name = Debug;
		};
		2C92A81528B578E3005B4A65 /* Release */ = {
			isa = XCBuildConfiguration;
			buildSettings = {
				ALWAYS_SEARCH_USER_PATHS = NO;
				CLANG_ANALYZER_NONNULL = YES;
				CLANG_ANALYZER_NUMBER_OBJECT_CONVERSION = YES_AGGRESSIVE;
				CLANG_CXX_LANGUAGE_STANDARD = "gnu++17";
				CLANG_ENABLE_MODULES = YES;
				CLANG_ENABLE_OBJC_ARC = YES;
				CLANG_ENABLE_OBJC_WEAK = YES;
				CLANG_WARN_BLOCK_CAPTURE_AUTORELEASING = YES;
				CLANG_WARN_BOOL_CONVERSION = YES;
				CLANG_WARN_COMMA = YES;
				CLANG_WARN_CONSTANT_CONVERSION = YES;
				CLANG_WARN_DEPRECATED_OBJC_IMPLEMENTATIONS = YES;
				CLANG_WARN_DIRECT_OBJC_ISA_USAGE = YES_ERROR;
				CLANG_WARN_DOCUMENTATION_COMMENTS = YES;
				CLANG_WARN_EMPTY_BODY = YES;
				CLANG_WARN_ENUM_CONVERSION = YES;
				CLANG_WARN_INFINITE_RECURSION = YES;
				CLANG_WARN_INT_CONVERSION = YES;
				CLANG_WARN_NON_LITERAL_NULL_CONVERSION = YES;
				CLANG_WARN_OBJC_IMPLICIT_RETAIN_SELF = YES;
				CLANG_WARN_OBJC_LITERAL_CONVERSION = YES;
				CLANG_WARN_OBJC_ROOT_CLASS = YES_ERROR;
				CLANG_WARN_QUOTED_INCLUDE_IN_FRAMEWORK_HEADER = YES;
				CLANG_WARN_RANGE_LOOP_ANALYSIS = YES;
				CLANG_WARN_STRICT_PROTOTYPES = YES;
				CLANG_WARN_SUSPICIOUS_MOVE = YES;
				CLANG_WARN_UNGUARDED_AVAILABILITY = YES_AGGRESSIVE;
				CLANG_WARN_UNREACHABLE_CODE = YES;
				CLANG_WARN__DUPLICATE_METHOD_MATCH = YES;
				COPY_PHASE_STRIP = NO;
				DEBUG_INFORMATION_FORMAT = "dwarf-with-dsym";
				ENABLE_NS_ASSERTIONS = NO;
				ENABLE_STRICT_OBJC_MSGSEND = YES;
				GCC_C_LANGUAGE_STANDARD = gnu11;
				GCC_NO_COMMON_BLOCKS = YES;
				GCC_WARN_64_TO_32_BIT_CONVERSION = YES;
				GCC_WARN_ABOUT_RETURN_TYPE = YES_ERROR;
				GCC_WARN_UNDECLARED_SELECTOR = YES;
				GCC_WARN_UNINITIALIZED_AUTOS = YES_AGGRESSIVE;
				GCC_WARN_UNUSED_FUNCTION = YES;
				GCC_WARN_UNUSED_VARIABLE = YES;
				IPHONEOS_DEPLOYMENT_TARGET = 15.5;
				MTL_ENABLE_DEBUG_INFO = NO;
				MTL_FAST_MATH = YES;
				SDKROOT = iphoneos;
				SWIFT_COMPILATION_MODE = wholemodule;
				SWIFT_OPTIMIZATION_LEVEL = "-O";
				VALIDATE_PRODUCT = YES;
			};
			name = Release;
		};
		2C92A81728B578E3005B4A65 /* Debug */ = {
			isa = XCBuildConfiguration;
			buildSettings = {
				ASSETCATALOG_COMPILER_APPICON_NAME = AppIcon;
				ASSETCATALOG_COMPILER_GLOBAL_ACCENT_COLOR_NAME = AccentColor;
				CODE_SIGN_STYLE = Automatic;
				CURRENT_PROJECT_VERSION = 1;
				GENERATE_INFOPLIST_FILE = YES;
				INFOPLIST_FILE = tipCalculator/Info.plist;
				INFOPLIST_KEY_UIApplicationSupportsIndirectInputEvents = YES;
				INFOPLIST_KEY_UILaunchStoryboardName = LaunchScreen;
				INFOPLIST_KEY_UIMainStoryboardFile = Main;
				INFOPLIST_KEY_UISupportedInterfaceOrientations_iPad = "UIInterfaceOrientationPortrait UIInterfaceOrientationPortraitUpsideDown UIInterfaceOrientationLandscapeLeft UIInterfaceOrientationLandscapeRight";
				INFOPLIST_KEY_UISupportedInterfaceOrientations_iPhone = "UIInterfaceOrientationPortrait UIInterfaceOrientationLandscapeLeft UIInterfaceOrientationLandscapeRight";
				LD_RUNPATH_SEARCH_PATHS = (
					"$(inherited)",
					"@executable_path/Frameworks",
				);
				MARKETING_VERSION = 1.0;
				PRODUCT_BUNDLE_IDENTIFIER = wenniewu.com.tipCalculator;
				PRODUCT_NAME = "$(TARGET_NAME)";
				SWIFT_EMIT_LOC_STRINGS = YES;
				SWIFT_VERSION = 5.0;
				TARGETED_DEVICE_FAMILY = "1,2";
			};
			name = Debug;
		};
		2C92A81828B578E3005B4A65 /* Release */ = {
			isa = XCBuildConfiguration;
			buildSettings = {
				ASSETCATALOG_COMPILER_APPICON_NAME = AppIcon;
				ASSETCATALOG_COMPILER_GLOBAL_ACCENT_COLOR_NAME = AccentColor;
				CODE_SIGN_STYLE = Automatic;
				CURRENT_PROJECT_VERSION = 1;
				GENERATE_INFOPLIST_FILE = YES;
				INFOPLIST_FILE = tipCalculator/Info.plist;
				INFOPLIST_KEY_UIApplicationSupportsIndirectInputEvents = YES;
				INFOPLIST_KEY_UILaunchStoryboardName = LaunchScreen;
				INFOPLIST_KEY_UIMainStoryboardFile = Main;
				INFOPLIST_KEY_UISupportedInterfaceOrientations_iPad = "UIInterfaceOrientationPortrait UIInterfaceOrientationPortraitUpsideDown UIInterfaceOrientationLandscapeLeft UIInterfaceOrientationLandscapeRight";
				INFOPLIST_KEY_UISupportedInterfaceOrientations_iPhone = "UIInterfaceOrientationPortrait UIInterfaceOrientationLandscapeLeft UIInterfaceOrientationLandscapeRight";
				LD_RUNPATH_SEARCH_PATHS = (
					"$(inherited)",
					"@executable_path/Frameworks",
				);
				MARKETING_VERSION = 1.0;
				PRODUCT_BUNDLE_IDENTIFIER = wenniewu.com.tipCalculator;
				PRODUCT_NAME = "$(TARGET_NAME)";
				SWIFT_EMIT_LOC_STRINGS = YES;
				SWIFT_VERSION = 5.0;
				TARGETED_DEVICE_FAMILY = "1,2";
			};
			name = Release;
		};
		2C92A81A28B578E3005B4A65 /* Debug */ = {
			isa = XCBuildConfiguration;
			buildSettings = {
				ALWAYS_EMBED_SWIFT_STANDARD_LIBRARIES = YES;
				BUNDLE_LOADER = "$(TEST_HOST)";
				CODE_SIGN_STYLE = Automatic;
				CURRENT_PROJECT_VERSION = 1;
				GENERATE_INFOPLIST_FILE = YES;
				IPHONEOS_DEPLOYMENT_TARGET = 15.5;
				MARKETING_VERSION = 1.0;
				PRODUCT_BUNDLE_IDENTIFIER = wenniewu.com.tipCalculatorTests;
				PRODUCT_NAME = "$(TARGET_NAME)";
				SWIFT_EMIT_LOC_STRINGS = NO;
				SWIFT_VERSION = 5.0;
				TARGETED_DEVICE_FAMILY = "1,2";
				TEST_HOST = "$(BUILT_PRODUCTS_DIR)/tipCalculator.app/tipCalculator";
			};
			name = Debug;
		};
		2C92A81B28B578E3005B4A65 /* Release */ = {
			isa = XCBuildConfiguration;
			buildSettings = {
				ALWAYS_EMBED_SWIFT_STANDARD_LIBRARIES = YES;
				BUNDLE_LOADER = "$(TEST_HOST)";
				CODE_SIGN_STYLE = Automatic;
				CURRENT_PROJECT_VERSION = 1;
				GENERATE_INFOPLIST_FILE = YES;
				IPHONEOS_DEPLOYMENT_TARGET = 15.5;
				MARKETING_VERSION = 1.0;
				PRODUCT_BUNDLE_IDENTIFIER = wenniewu.com.tipCalculatorTests;
				PRODUCT_NAME = "$(TARGET_NAME)";
				SWIFT_EMIT_LOC_STRINGS = NO;
				SWIFT_VERSION = 5.0;
				TARGETED_DEVICE_FAMILY = "1,2";
				TEST_HOST = "$(BUILT_PRODUCTS_DIR)/tipCalculator.app/tipCalculator";
			};
			name = Release;
		};
		2C92A81D28B578E3005B4A65 /* Debug */ = {
			isa = XCBuildConfiguration;
			buildSettings = {
				ALWAYS_EMBED_SWIFT_STANDARD_LIBRARIES = YES;
				CODE_SIGN_STYLE = Automatic;
				CURRENT_PROJECT_VERSION = 1;
				GENERATE_INFOPLIST_FILE = YES;
				MARKETING_VERSION = 1.0;
				PRODUCT_BUNDLE_IDENTIFIER = wenniewu.com.tipCalculatorUITests;
				PRODUCT_NAME = "$(TARGET_NAME)";
				SWIFT_EMIT_LOC_STRINGS = NO;
				SWIFT_VERSION = 5.0;
				TARGETED_DEVICE_FAMILY = "1,2";
				TEST_TARGET_NAME = tipCalculator;
			};
			name = Debug;
		};
		2C92A81E28B578E3005B4A65 /* Release */ = {
			isa = XCBuildConfiguration;
			buildSettings = {
				ALWAYS_EMBED_SWIFT_STANDARD_LIBRARIES = YES;
				CODE_SIGN_STYLE = Automatic;
				CURRENT_PROJECT_VERSION = 1;
				GENERATE_INFOPLIST_FILE = YES;
				MARKETING_VERSION = 1.0;
				PRODUCT_BUNDLE_IDENTIFIER = wenniewu.com.tipCalculatorUITests;
				PRODUCT_NAME = "$(TARGET_NAME)";
				SWIFT_EMIT_LOC_STRINGS = NO;
				SWIFT_VERSION = 5.0;
				TARGETED_DEVICE_FAMILY = "1,2";
				TEST_TARGET_NAME = tipCalculator;
			};
			name = Release;
		};
/* End XCBuildConfiguration section */

/* Begin XCConfigurationList section */
		2C92A7E728B578E1005B4A65 /* Build configuration list for PBXProject "tipCalculator" */ = {
			isa = XCConfigurationList;
			buildConfigurations = (
				2C92A81428B578E3005B4A65 /* Debug */,
				2C92A81528B578E3005B4A65 /* Release */,
			);
			defaultConfigurationIsVisible = 0;
			defaultConfigurationName = Release;
		};
		2C92A81628B578E3005B4A65 /* Build configuration list for PBXNativeTarget "tipCalculator" */ = {
			isa = XCConfigurationList;
			buildConfigurations = (
				2C92A81728B578E3005B4A65 /* Debug */,
				2C92A81828B578E3005B4A65 /* Release */,
			);
			defaultConfigurationIsVisible = 0;
			defaultConfigurationName = Release;
		};
		2C92A81928B578E3005B4A65 /* Build configuration list for PBXNativeTarget "tipCalculatorTests" */ = {
			isa = XCConfigurationList;
			buildConfigurations = (
				2C92A81A28B578E3005B4A65 /* Debug */,
				2C92A81B28B578E3005B4A65 /* Release */,
			);
			defaultConfigurationIsVisible = 0;
			defaultConfigurationName = Release;
		};
		2C92A81C28B578E3005B4A65 /* Build configuration list for PBXNativeTarget "tipCalculatorUITests" */ = {
			isa = XCConfigurationList;
			buildConfigurations = (
				2C92A81D28B578E3005B4A65 /* Debug */,
				2C92A81E28B578E3005B4A65 /* Release */,
			);
			defaultConfigurationIsVisible = 0;
			defaultConfigurationName = Release;
		};
/* End XCConfigurationList section */
	};
	rootObject = 2C92A7E428B578E1005B4A65 /* Project object */;
}
